// !$*UTF8*$!
{
	archiveVersion = 1;
	classes = {
	};
	objectVersion = 51;
	objects = {

/* Begin PBXBuildFile section */
		6D418AA5235AED6900BCFAEA /* AppDelegate.swift in Sources */ = {isa = PBXBuildFile; fileRef = 6D418AA4235AED6900BCFAEA /* AppDelegate.swift */; };
		6D418AA7235AED6900BCFAEA /* SceneDelegate.swift in Sources */ = {isa = PBXBuildFile; fileRef = 6D418AA6235AED6900BCFAEA /* SceneDelegate.swift */; };
		6D418AA9235AED6900BCFAEA /* ViewController.swift in Sources */ = {isa = PBXBuildFile; fileRef = 6D418AA8235AED6900BCFAEA /* ViewController.swift */; };
		6D418AAC235AED6900BCFAEA /* Main.storyboard in Resources */ = {isa = PBXBuildFile; fileRef = 6D418AAA235AED6900BCFAEA /* Main.storyboard */; };
		6D418AAE235AED6B00BCFAEA /* Assets.xcassets in Resources */ = {isa = PBXBuildFile; fileRef = 6D418AAD235AED6B00BCFAEA /* Assets.xcassets */; };
		6D418AB1235AED6B00BCFAEA /* LaunchScreen.storyboard in Resources */ = {isa = PBXBuildFile; fileRef = 6D418AAF235AED6B00BCFAEA /* LaunchScreen.storyboard */; };
		6D418ABC235AED6B00BCFAEA /* NewsAppsTests.swift in Sources */ = {isa = PBXBuildFile; fileRef = 6D418ABB235AED6B00BCFAEA /* NewsAppsTests.swift */; };
		6D418AC7235AED6B00BCFAEA /* NewsAppsUITests.swift in Sources */ = {isa = PBXBuildFile; fileRef = 6D418AC6235AED6B00BCFAEA /* NewsAppsUITests.swift */; };
		6D418AD5235BB9D500BCFAEA /* GoogleService-Info.plist in Resources */ = {isa = PBXBuildFile; fileRef = 6D418AD4235BB9D500BCFAEA /* GoogleService-Info.plist */; };
		9C62A14AA9C388DF748EFD18 /* Pods_NewsAppsTests.framework in Frameworks */ = {isa = PBXBuildFile; fileRef = F9E2E01AF9063DFA8CEE80D1 /* Pods_NewsAppsTests.framework */; };
		B1CCDCF940F1618AB763BA99 /* Pods_NewsApps_NewsAppsUITests.framework in Frameworks */ = {isa = PBXBuildFile; fileRef = 95C9D4F31C4CC05D38249906 /* Pods_NewsApps_NewsAppsUITests.framework */; };
		D8A175776C23D36983036D2C /* Pods_NewsApps.framework in Frameworks */ = {isa = PBXBuildFile; fileRef = 33335AE6956E731467016DAF /* Pods_NewsApps.framework */; };
/* End PBXBuildFile section */

/* Begin PBXContainerItemProxy section */
		6D418AB8235AED6B00BCFAEA /* PBXContainerItemProxy */ = {
			isa = PBXContainerItemProxy;
			containerPortal = 6D418A99235AED6900BCFAEA /* Project object */;
			proxyType = 1;
			remoteGlobalIDString = 6D418AA0235AED6900BCFAEA;
			remoteInfo = NewsApps;
		};
		6D418AC3235AED6B00BCFAEA /* PBXContainerItemProxy */ = {
			isa = PBXContainerItemProxy;
			containerPortal = 6D418A99235AED6900BCFAEA /* Project object */;
			proxyType = 1;
			remoteGlobalIDString = 6D418AA0235AED6900BCFAEA;
			remoteInfo = NewsApps;
		};
/* End PBXContainerItemProxy section */

/* Begin PBXFileReference section */
		083047F76DDAADD36BDE8EE6 /* Pods-NewsApps-NewsAppsUITests.release.xcconfig */ = {isa = PBXFileReference; includeInIndex = 1; lastKnownFileType = text.xcconfig; name = "Pods-NewsApps-NewsAppsUITests.release.xcconfig"; path = "Target Support Files/Pods-NewsApps-NewsAppsUITests/Pods-NewsApps-NewsAppsUITests.release.xcconfig"; sourceTree = "<group>"; };
		196ADCA811F50AD814BDFD22 /* Pods-NewsApps-NewsAppsUITests.debug.xcconfig */ = {isa = PBXFileReference; includeInIndex = 1; lastKnownFileType = text.xcconfig; name = "Pods-NewsApps-NewsAppsUITests.debug.xcconfig"; path = "Target Support Files/Pods-NewsApps-NewsAppsUITests/Pods-NewsApps-NewsAppsUITests.debug.xcconfig"; sourceTree = "<group>"; };
		33335AE6956E731467016DAF /* Pods_NewsApps.framework */ = {isa = PBXFileReference; explicitFileType = wrapper.framework; includeInIndex = 0; path = Pods_NewsApps.framework; sourceTree = BUILT_PRODUCTS_DIR; };
		6D418AA1235AED6900BCFAEA /* NewsApps.app */ = {isa = PBXFileReference; explicitFileType = wrapper.application; includeInIndex = 0; path = NewsApps.app; sourceTree = BUILT_PRODUCTS_DIR; };
		6D418AA4235AED6900BCFAEA /* AppDelegate.swift */ = {isa = PBXFileReference; lastKnownFileType = sourcecode.swift; path = AppDelegate.swift; sourceTree = "<group>"; };
		6D418AA6235AED6900BCFAEA /* SceneDelegate.swift */ = {isa = PBXFileReference; lastKnownFileType = sourcecode.swift; path = SceneDelegate.swift; sourceTree = "<group>"; };
		6D418AA8235AED6900BCFAEA /* ViewController.swift */ = {isa = PBXFileReference; lastKnownFileType = sourcecode.swift; path = ViewController.swift; sourceTree = "<group>"; };
		6D418AAB235AED6900BCFAEA /* Base */ = {isa = PBXFileReference; lastKnownFileType = file.storyboard; name = Base; path = Base.lproj/Main.storyboard; sourceTree = "<group>"; };
		6D418AAD235AED6B00BCFAEA /* Assets.xcassets */ = {isa = PBXFileReference; lastKnownFileType = folder.assetcatalog; path = Assets.xcassets; sourceTree = "<group>"; };
		6D418AB0235AED6B00BCFAEA /* Base */ = {isa = PBXFileReference; lastKnownFileType = file.storyboard; name = Base; path = Base.lproj/LaunchScreen.storyboard; sourceTree = "<group>"; };
		6D418AB2235AED6B00BCFAEA /* Info.plist */ = {isa = PBXFileReference; lastKnownFileType = text.plist.xml; path = Info.plist; sourceTree = "<group>"; };
		6D418AB7235AED6B00BCFAEA /* NewsAppsTests.xctest */ = {isa = PBXFileReference; explicitFileType = wrapper.cfbundle; includeInIndex = 0; path = NewsAppsTests.xctest; sourceTree = BUILT_PRODUCTS_DIR; };
		6D418ABB235AED6B00BCFAEA /* NewsAppsTests.swift */ = {isa = PBXFileReference; lastKnownFileType = sourcecode.swift; path = NewsAppsTests.swift; sourceTree = "<group>"; };
		6D418ABD235AED6B00BCFAEA /* Info.plist */ = {isa = PBXFileReference; lastKnownFileType = text.plist.xml; path = Info.plist; sourceTree = "<group>"; };
		6D418AC2235AED6B00BCFAEA /* NewsAppsUITests.xctest */ = {isa = PBXFileReference; explicitFileType = wrapper.cfbundle; includeInIndex = 0; path = NewsAppsUITests.xctest; sourceTree = BUILT_PRODUCTS_DIR; };
		6D418AC6235AED6B00BCFAEA /* NewsAppsUITests.swift */ = {isa = PBXFileReference; lastKnownFileType = sourcecode.swift; path = NewsAppsUITests.swift; sourceTree = "<group>"; };
		6D418AC8235AED6B00BCFAEA /* Info.plist */ = {isa = PBXFileReference; lastKnownFileType = text.plist.xml; path = Info.plist; sourceTree = "<group>"; };
		6D418AD4235BB9D500BCFAEA /* GoogleService-Info.plist */ = {isa = PBXFileReference; fileEncoding = 4; lastKnownFileType = text.plist.xml; name = "GoogleService-Info.plist"; path = "../../../../../../Downloads/GoogleService-Info.plist"; sourceTree = "<group>"; };
		72BD26BC153B59F19084D83E /* Pods-NewsAppsTests.debug.xcconfig */ = {isa = PBXFileReference; includeInIndex = 1; lastKnownFileType = text.xcconfig; name = "Pods-NewsAppsTests.debug.xcconfig"; path = "Target Support Files/Pods-NewsAppsTests/Pods-NewsAppsTests.debug.xcconfig"; sourceTree = "<group>"; };
		95C9D4F31C4CC05D38249906 /* Pods_NewsApps_NewsAppsUITests.framework */ = {isa = PBXFileReference; explicitFileType = wrapper.framework; includeInIndex = 0; path = Pods_NewsApps_NewsAppsUITests.framework; sourceTree = BUILT_PRODUCTS_DIR; };
		A39A13CFA11FCDE6E84A1E15 /* Pods-NewsAppsTests.release.xcconfig */ = {isa = PBXFileReference; includeInIndex = 1; lastKnownFileType = text.xcconfig; name = "Pods-NewsAppsTests.release.xcconfig"; path = "Target Support Files/Pods-NewsAppsTests/Pods-NewsAppsTests.release.xcconfig"; sourceTree = "<group>"; };
		A7CEF9FB4A78D732B73C76E8 /* Pods-NewsApps.release.xcconfig */ = {isa = PBXFileReference; includeInIndex = 1; lastKnownFileType = text.xcconfig; name = "Pods-NewsApps.release.xcconfig"; path = "Target Support Files/Pods-NewsApps/Pods-NewsApps.release.xcconfig"; sourceTree = "<group>"; };
		E8069CC799B619D87684756A /* Pods-NewsApps.debug.xcconfig */ = {isa = PBXFileReference; includeInIndex = 1; lastKnownFileType = text.xcconfig; name = "Pods-NewsApps.debug.xcconfig"; path = "Target Support Files/Pods-NewsApps/Pods-NewsApps.debug.xcconfig"; sourceTree = "<group>"; };
		F9E2E01AF9063DFA8CEE80D1 /* Pods_NewsAppsTests.framework */ = {isa = PBXFileReference; explicitFileType = wrapper.framework; includeInIndex = 0; path = Pods_NewsAppsTests.framework; sourceTree = BUILT_PRODUCTS_DIR; };
/* End PBXFileReference section */

/* Begin PBXFrameworksBuildPhase section */
		6D418A9E235AED6900BCFAEA /* Frameworks */ = {
			isa = PBXFrameworksBuildPhase;
			buildActionMask = 2147483647;
			files = (
				D8A175776C23D36983036D2C /* Pods_NewsApps.framework in Frameworks */,
			);
			runOnlyForDeploymentPostprocessing = 0;
		};
		6D418AB4235AED6B00BCFAEA /* Frameworks */ = {
			isa = PBXFrameworksBuildPhase;
			buildActionMask = 2147483647;
			files = (
				9C62A14AA9C388DF748EFD18 /* Pods_NewsAppsTests.framework in Frameworks */,
			);
			runOnlyForDeploymentPostprocessing = 0;
		};
		6D418ABF235AED6B00BCFAEA /* Frameworks */ = {
			isa = PBXFrameworksBuildPhase;
			buildActionMask = 2147483647;
			files = (
				B1CCDCF940F1618AB763BA99 /* Pods_NewsApps_NewsAppsUITests.framework in Frameworks */,
			);
			runOnlyForDeploymentPostprocessing = 0;
		};
/* End PBXFrameworksBuildPhase section */

/* Begin PBXGroup section */
		2DB1C491345FEB2AF055D918 /* Pods */ = {
			isa = PBXGroup;
			children = (
				E8069CC799B619D87684756A /* Pods-NewsApps.debug.xcconfig */,
				A7CEF9FB4A78D732B73C76E8 /* Pods-NewsApps.release.xcconfig */,
				196ADCA811F50AD814BDFD22 /* Pods-NewsApps-NewsAppsUITests.debug.xcconfig */,
				083047F76DDAADD36BDE8EE6 /* Pods-NewsApps-NewsAppsUITests.release.xcconfig */,
				72BD26BC153B59F19084D83E /* Pods-NewsAppsTests.debug.xcconfig */,
				A39A13CFA11FCDE6E84A1E15 /* Pods-NewsAppsTests.release.xcconfig */,
			);
			path = Pods;
			sourceTree = "<group>";
		};
		6D418A98235AED6900BCFAEA = {
			isa = PBXGroup;
			children = (
				6D418AA3235AED6900BCFAEA /* NewsApps */,
				6D418ABA235AED6B00BCFAEA /* NewsAppsTests */,
				6D418AC5235AED6B00BCFAEA /* NewsAppsUITests */,
				6D418AA2235AED6900BCFAEA /* Products */,
				2DB1C491345FEB2AF055D918 /* Pods */,
				A334380BE9E283FF3F5311F2 /* Frameworks */,
			);
			sourceTree = "<group>";
		};
		6D418AA2235AED6900BCFAEA /* Products */ = {
			isa = PBXGroup;
			children = (
				6D418AA1235AED6900BCFAEA /* NewsApps.app */,
				6D418AB7235AED6B00BCFAEA /* NewsAppsTests.xctest */,
				6D418AC2235AED6B00BCFAEA /* NewsAppsUITests.xctest */,
			);
			name = Products;
			sourceTree = "<group>";
		};
		6D418AA3235AED6900BCFAEA /* NewsApps */ = {
			isa = PBXGroup;
			children = (
				6D418AA4235AED6900BCFAEA /* AppDelegate.swift */,
				6D418AA6235AED6900BCFAEA /* SceneDelegate.swift */,
				6D418AA8235AED6900BCFAEA /* ViewController.swift */,
				6D418AAA235AED6900BCFAEA /* Main.storyboard */,
				6D418AAD235AED6B00BCFAEA /* Assets.xcassets */,
				6D418AAF235AED6B00BCFAEA /* LaunchScreen.storyboard */,
				6D418AB2235AED6B00BCFAEA /* Info.plist */,
				6D418AD4235BB9D500BCFAEA /* GoogleService-Info.plist */,
			);
			path = NewsApps;
			sourceTree = "<group>";
		};
		6D418ABA235AED6B00BCFAEA /* NewsAppsTests */ = {
			isa = PBXGroup;
			children = (
				6D418ABB235AED6B00BCFAEA /* NewsAppsTests.swift */,
				6D418ABD235AED6B00BCFAEA /* Info.plist */,
			);
			path = NewsAppsTests;
			sourceTree = "<group>";
		};
		6D418AC5235AED6B00BCFAEA /* NewsAppsUITests */ = {
			isa = PBXGroup;
			children = (
				6D418AC6235AED6B00BCFAEA /* NewsAppsUITests.swift */,
				6D418AC8235AED6B00BCFAEA /* Info.plist */,
			);
			path = NewsAppsUITests;
			sourceTree = "<group>";
		};
		A334380BE9E283FF3F5311F2 /* Frameworks */ = {
			isa = PBXGroup;
			children = (
				33335AE6956E731467016DAF /* Pods_NewsApps.framework */,
				95C9D4F31C4CC05D38249906 /* Pods_NewsApps_NewsAppsUITests.framework */,
				F9E2E01AF9063DFA8CEE80D1 /* Pods_NewsAppsTests.framework */,
			);
			name = Frameworks;
			sourceTree = "<group>";
		};
/* End PBXGroup section */

/* Begin PBXNativeTarget section */
		6D418AA0235AED6900BCFAEA /* NewsApps */ = {
			isa = PBXNativeTarget;
			buildConfigurationList = 6D418ACB235AED6B00BCFAEA /* Build configuration list for PBXNativeTarget "NewsApps" */;
			buildPhases = (
				26903E6BBBF8D28E80560D25 /* [CP] Check Pods Manifest.lock */,
				6D418A9D235AED6900BCFAEA /* Sources */,
				6D418A9E235AED6900BCFAEA /* Frameworks */,
				6D418A9F235AED6900BCFAEA /* Resources */,
				EA88F07A0D3C7D1961898D56 /* [CP] Embed Pods Frameworks */,
				6D587804235BBE04005335DE /* ShellScript */,
			);
			buildRules = (
			);
			dependencies = (
			);
			name = NewsApps;
			productName = NewsApps;
			productReference = 6D418AA1235AED6900BCFAEA /* NewsApps.app */;
			productType = "com.apple.product-type.application";
		};
		6D418AB6235AED6B00BCFAEA /* NewsAppsTests */ = {
			isa = PBXNativeTarget;
			buildConfigurationList = 6D418ACE235AED6B00BCFAEA /* Build configuration list for PBXNativeTarget "NewsAppsTests" */;
			buildPhases = (
				58F7143397F2D61449871538 /* [CP] Check Pods Manifest.lock */,
				6D418AB3235AED6B00BCFAEA /* Sources */,
				6D418AB4235AED6B00BCFAEA /* Frameworks */,
				6D418AB5235AED6B00BCFAEA /* Resources */,
			);
			buildRules = (
			);
			dependencies = (
				6D418AB9235AED6B00BCFAEA /* PBXTargetDependency */,
			);
			name = NewsAppsTests;
			productName = NewsAppsTests;
			productReference = 6D418AB7235AED6B00BCFAEA /* NewsAppsTests.xctest */;
			productType = "com.apple.product-type.bundle.unit-test";
		};
		6D418AC1235AED6B00BCFAEA /* NewsAppsUITests */ = {
			isa = PBXNativeTarget;
			buildConfigurationList = 6D418AD1235AED6B00BCFAEA /* Build configuration list for PBXNativeTarget "NewsAppsUITests" */;
			buildPhases = (
				AD2F2E0E21DAEEB9708E4A3A /* [CP] Check Pods Manifest.lock */,
				6D418ABE235AED6B00BCFAEA /* Sources */,
				6D418ABF235AED6B00BCFAEA /* Frameworks */,
				6D418AC0235AED6B00BCFAEA /* Resources */,
				3B3F5D74F074DC82226675F5 /* [CP] Embed Pods Frameworks */,
			);
			buildRules = (
			);
			dependencies = (
				6D418AC4235AED6B00BCFAEA /* PBXTargetDependency */,
			);
			name = NewsAppsUITests;
			productName = NewsAppsUITests;
			productReference = 6D418AC2235AED6B00BCFAEA /* NewsAppsUITests.xctest */;
			productType = "com.apple.product-type.bundle.ui-testing";
		};
/* End PBXNativeTarget section */

/* Begin PBXProject section */
		6D418A99235AED6900BCFAEA /* Project object */ = {
			isa = PBXProject;
			attributes = {
				LastSwiftUpdateCheck = 1110;
				LastUpgradeCheck = 1110;
				ORGANIZATIONNAME = Teerapco;
				TargetAttributes = {
					6D418AA0235AED6900BCFAEA = {
						CreatedOnToolsVersion = 11.1;
					};
					6D418AB6235AED6B00BCFAEA = {
						CreatedOnToolsVersion = 11.1;
						TestTargetID = 6D418AA0235AED6900BCFAEA;
					};
					6D418AC1235AED6B00BCFAEA = {
						CreatedOnToolsVersion = 11.1;
						TestTargetID = 6D418AA0235AED6900BCFAEA;
					};
				};
			};
			buildConfigurationList = 6D418A9C235AED6900BCFAEA /* Build configuration list for PBXProject "NewsApps" */;
			compatibilityVersion = "Xcode 9.3";
			developmentRegion = en;
			hasScannedForEncodings = 0;
			knownRegions = (
				en,
				Base,
			);
			mainGroup = 6D418A98235AED6900BCFAEA;
			productRefGroup = 6D418AA2235AED6900BCFAEA /* Products */;
			projectDirPath = "";
			projectRoot = "";
			targets = (
				6D418AA0235AED6900BCFAEA /* NewsApps */,
				6D418AB6235AED6B00BCFAEA /* NewsAppsTests */,
				6D418AC1235AED6B00BCFAEA /* NewsAppsUITests */,
			);
		};
/* End PBXProject section */

/* Begin PBXResourcesBuildPhase section */
		6D418A9F235AED6900BCFAEA /* Resources */ = {
			isa = PBXResourcesBuildPhase;
			buildActionMask = 2147483647;
			files = (
				6D418AB1235AED6B00BCFAEA /* LaunchScreen.storyboard in Resources */,
				6D418AD5235BB9D500BCFAEA /* GoogleService-Info.plist in Resources */,
				6D418AAE235AED6B00BCFAEA /* Assets.xcassets in Resources */,
				6D418AAC235AED6900BCFAEA /* Main.storyboard in Resources */,
			);
			runOnlyForDeploymentPostprocessing = 0;
		};
		6D418AB5235AED6B00BCFAEA /* Resources */ = {
			isa = PBXResourcesBuildPhase;
			buildActionMask = 2147483647;
			files = (
			);
			runOnlyForDeploymentPostprocessing = 0;
		};
		6D418AC0235AED6B00BCFAEA /* Resources */ = {
			isa = PBXResourcesBuildPhase;
			buildActionMask = 2147483647;
			files = (
			);
			runOnlyForDeploymentPostprocessing = 0;
		};
/* End PBXResourcesBuildPhase section */

/* Begin PBXShellScriptBuildPhase section */
		26903E6BBBF8D28E80560D25 /* [CP] Check Pods Manifest.lock */ = {
			isa = PBXShellScriptBuildPhase;
			buildActionMask = 2147483647;
			files = (
			);
			inputFileListPaths = (
			);
			inputPaths = (
				"${PODS_PODFILE_DIR_PATH}/Podfile.lock",
				"${PODS_ROOT}/Manifest.lock",
			);
			name = "[CP] Check Pods Manifest.lock";
			outputFileListPaths = (
			);
			outputPaths = (
				"$(DERIVED_FILE_DIR)/Pods-NewsApps-checkManifestLockResult.txt",
			);
			runOnlyForDeploymentPostprocessing = 0;
			shellPath = /bin/sh;
			shellScript = "diff \"${PODS_PODFILE_DIR_PATH}/Podfile.lock\" \"${PODS_ROOT}/Manifest.lock\" > /dev/null\nif [ $? != 0 ] ; then\n    # print error to STDERR\n    echo \"error: The sandbox is not in sync with the Podfile.lock. Run 'pod install' or update your CocoaPods installation.\" >&2\n    exit 1\nfi\n# This output is used by Xcode 'outputs' to avoid re-running this script phase.\necho \"SUCCESS\" > \"${SCRIPT_OUTPUT_FILE_0}\"\n";
			showEnvVarsInLog = 0;
		};
		3B3F5D74F074DC82226675F5 /* [CP] Embed Pods Frameworks */ = {
			isa = PBXShellScriptBuildPhase;
			buildActionMask = 2147483647;
			files = (
			);
			inputFileListPaths = (
				"${PODS_ROOT}/Target Support Files/Pods-NewsApps-NewsAppsUITests/Pods-NewsApps-NewsAppsUITests-frameworks-${CONFIGURATION}-input-files.xcfilelist",
			);
			name = "[CP] Embed Pods Frameworks";
			outputFileListPaths = (
				"${PODS_ROOT}/Target Support Files/Pods-NewsApps-NewsAppsUITests/Pods-NewsApps-NewsAppsUITests-frameworks-${CONFIGURATION}-output-files.xcfilelist",
			);
			runOnlyForDeploymentPostprocessing = 0;
			shellPath = /bin/sh;
			shellScript = "\"${PODS_ROOT}/Target Support Files/Pods-NewsApps-NewsAppsUITests/Pods-NewsApps-NewsAppsUITests-frameworks.sh\"\n";
			showEnvVarsInLog = 0;
		};
		58F7143397F2D61449871538 /* [CP] Check Pods Manifest.lock */ = {
			isa = PBXShellScriptBuildPhase;
			buildActionMask = 2147483647;
			files = (
			);
			inputFileListPaths = (
			);
			inputPaths = (
				"${PODS_PODFILE_DIR_PATH}/Podfile.lock",
				"${PODS_ROOT}/Manifest.lock",
			);
			name = "[CP] Check Pods Manifest.lock";
			outputFileListPaths = (
			);
			outputPaths = (
				"$(DERIVED_FILE_DIR)/Pods-NewsAppsTests-checkManifestLockResult.txt",
			);
			runOnlyForDeploymentPostprocessing = 0;
			shellPath = /bin/sh;
			shellScript = "diff \"${PODS_PODFILE_DIR_PATH}/Podfile.lock\" \"${PODS_ROOT}/Manifest.lock\" > /dev/null\nif [ $? != 0 ] ; then\n    # print error to STDERR\n    echo \"error: The sandbox is not in sync with the Podfile.lock. Run 'pod install' or update your CocoaPods installation.\" >&2\n    exit 1\nfi\n# This output is used by Xcode 'outputs' to avoid re-running this script phase.\necho \"SUCCESS\" > \"${SCRIPT_OUTPUT_FILE_0}\"\n";
			showEnvVarsInLog = 0;
		};
		6D587804235BBE04005335DE /* ShellScript */ = {
			isa = PBXShellScriptBuildPhase;
			buildActionMask = 2147483647;
			files = (
			);
			inputFileListPaths = (
			);
			inputPaths = (
			);
			outputFileListPaths = (
			);
			outputPaths = (
			);
			runOnlyForDeploymentPostprocessing = 0;
			shellPath = /bin/sh;
			shellScript = "\"${PODS_ROOT}/Fabric/run\"\n";
		};
		AD2F2E0E21DAEEB9708E4A3A /* [CP] Check Pods Manifest.lock */ = {
			isa = PBXShellScriptBuildPhase;
			buildActionMask = 2147483647;
			files = (
			);
			inputFileListPaths = (
			);
			inputPaths = (
				"${PODS_PODFILE_DIR_PATH}/Podfile.lock",
				"${PODS_ROOT}/Manifest.lock",
			);
			name = "[CP] Check Pods Manifest.lock";
			outputFileListPaths = (
			);
			outputPaths = (
				"$(DERIVED_FILE_DIR)/Pods-NewsApps-NewsAppsUITests-checkManifestLockResult.txt",
			);
			runOnlyForDeploymentPostprocessing = 0;
			shellPath = /bin/sh;
			shellScript = "diff \"${PODS_PODFILE_DIR_PATH}/Podfile.lock\" \"${PODS_ROOT}/Manifest.lock\" > /dev/null\nif [ $? != 0 ] ; then\n    # print error to STDERR\n    echo \"error: The sandbox is not in sync with the Podfile.lock. Run 'pod install' or update your CocoaPods installation.\" >&2\n    exit 1\nfi\n# This output is used by Xcode 'outputs' to avoid re-running this script phase.\necho \"SUCCESS\" > \"${SCRIPT_OUTPUT_FILE_0}\"\n";
			showEnvVarsInLog = 0;
		};
		EA88F07A0D3C7D1961898D56 /* [CP] Embed Pods Frameworks */ = {
			isa = PBXShellScriptBuildPhase;
			buildActionMask = 2147483647;
			files = (
			);
			inputFileListPaths = (
				"${PODS_ROOT}/Target Support Files/Pods-NewsApps/Pods-NewsApps-frameworks-${CONFIGURATION}-input-files.xcfilelist",
			);
			name = "[CP] Embed Pods Frameworks";
			outputFileListPaths = (
				"${PODS_ROOT}/Target Support Files/Pods-NewsApps/Pods-NewsApps-frameworks-${CONFIGURATION}-output-files.xcfilelist",
			);
			runOnlyForDeploymentPostprocessing = 0;
			shellPath = /bin/sh;
			shellScript = "\"${PODS_ROOT}/Target Support Files/Pods-NewsApps/Pods-NewsApps-frameworks.sh\"\n";
			showEnvVarsInLog = 0;
		};
/* End PBXShellScriptBuildPhase section */

/* Begin PBXSourcesBuildPhase section */
		6D418A9D235AED6900BCFAEA /* Sources */ = {
			isa = PBXSourcesBuildPhase;
			buildActionMask = 2147483647;
			files = (
				6D418AA9235AED6900BCFAEA /* ViewController.swift in Sources */,
				6D418AA5235AED6900BCFAEA /* AppDelegate.swift in Sources */,
				6D418AA7235AED6900BCFAEA /* SceneDelegate.swift in Sources */,
			);
			runOnlyForDeploymentPostprocessing = 0;
		};
		6D418AB3235AED6B00BCFAEA /* Sources */ = {
			isa = PBXSourcesBuildPhase;
			buildActionMask = 2147483647;
			files = (
				6D418ABC235AED6B00BCFAEA /* NewsAppsTests.swift in Sources */,
			);
			runOnlyForDeploymentPostprocessing = 0;
		};
		6D418ABE235AED6B00BCFAEA /* Sources */ = {
			isa = PBXSourcesBuildPhase;
			buildActionMask = 2147483647;
			files = (
				6D418AC7235AED6B00BCFAEA /* NewsAppsUITests.swift in Sources */,
			);
			runOnlyForDeploymentPostprocessing = 0;
		};
/* End PBXSourcesBuildPhase section */

/* Begin PBXTargetDependency section */
		6D418AB9235AED6B00BCFAEA /* PBXTargetDependency */ = {
			isa = PBXTargetDependency;
			target = 6D418AA0235AED6900BCFAEA /* NewsApps */;
			targetProxy = 6D418AB8235AED6B00BCFAEA /* PBXContainerItemProxy */;
		};
		6D418AC4235AED6B00BCFAEA /* PBXTargetDependency */ = {
			isa = PBXTargetDependency;
			target = 6D418AA0235AED6900BCFAEA /* NewsApps */;
			targetProxy = 6D418AC3235AED6B00BCFAEA /* PBXContainerItemProxy */;
		};
/* End PBXTargetDependency section */

/* Begin PBXVariantGroup section */
		6D418AAA235AED6900BCFAEA /* Main.storyboard */ = {
			isa = PBXVariantGroup;
			children = (
				6D418AAB235AED6900BCFAEA /* Base */,
			);
			name = Main.storyboard;
			sourceTree = "<group>";
		};
		6D418AAF235AED6B00BCFAEA /* LaunchScreen.storyboard */ = {
			isa = PBXVariantGroup;
			children = (
				6D418AB0235AED6B00BCFAEA /* Base */,
			);
			name = LaunchScreen.storyboard;
			sourceTree = "<group>";
		};
/* End PBXVariantGroup section */

/* Begin XCBuildConfiguration section */
		6D418AC9235AED6B00BCFAEA /* Debug */ = {
			isa = XCBuildConfiguration;
			buildSettings = {
				ALWAYS_SEARCH_USER_PATHS = NO;
				CLANG_ANALYZER_NONNULL = YES;
				CLANG_ANALYZER_NUMBER_OBJECT_CONVERSION = YES_AGGRESSIVE;
				CLANG_CXX_LANGUAGE_STANDARD = "gnu++14";
				CLANG_CXX_LIBRARY = "libc++";
				CLANG_ENABLE_MODULES = YES;
				CLANG_ENABLE_OBJC_ARC = YES;
				CLANG_ENABLE_OBJC_WEAK = YES;
				CLANG_WARN_BLOCK_CAPTURE_AUTORELEASING = YES;
				CLANG_WARN_BOOL_CONVERSION = YES;
				CLANG_WARN_COMMA = YES;
				CLANG_WARN_CONSTANT_CONVERSION = YES;
				CLANG_WARN_DEPRECATED_OBJC_IMPLEMENTATIONS = YES;
				CLANG_WARN_DIRECT_OBJC_ISA_USAGE = YES_ERROR;
				CLANG_WARN_DOCUMENTATION_COMMENTS = YES;
				CLANG_WARN_EMPTY_BODY = YES;
				CLANG_WARN_ENUM_CONVERSION = YES;
				CLANG_WARN_INFINITE_RECURSION = YES;
				CLANG_WARN_INT_CONVERSION = YES;
				CLANG_WARN_NON_LITERAL_NULL_CONVERSION = YES;
				CLANG_WARN_OBJC_IMPLICIT_RETAIN_SELF = YES;
				CLANG_WARN_OBJC_LITERAL_CONVERSION = YES;
				CLANG_WARN_OBJC_ROOT_CLASS = YES_ERROR;
				CLANG_WARN_RANGE_LOOP_ANALYSIS = YES;
				CLANG_WARN_STRICT_PROTOTYPES = YES;
				CLANG_WARN_SUSPICIOUS_MOVE = YES;
				CLANG_WARN_UNGUARDED_AVAILABILITY = YES_AGGRESSIVE;
				CLANG_WARN_UNREACHABLE_CODE = YES;
				CLANG_WARN__DUPLICATE_METHOD_MATCH = YES;
				COPY_PHASE_STRIP = NO;
				DEBUG_INFORMATION_FORMAT = dwarf;
				ENABLE_STRICT_OBJC_MSGSEND = YES;
				ENABLE_TESTABILITY = YES;
				GCC_C_LANGUAGE_STANDARD = gnu11;
				GCC_DYNAMIC_NO_PIC = NO;
				GCC_NO_COMMON_BLOCKS = YES;
				GCC_OPTIMIZATION_LEVEL = 0;
				GCC_PREPROCESSOR_DEFINITIONS = (
					"DEBUG=1",
					"$(inherited)",
				);
				GCC_WARN_64_TO_32_BIT_CONVERSION = YES;
				GCC_WARN_ABOUT_RETURN_TYPE = YES_ERROR;
				GCC_WARN_UNDECLARED_SELECTOR = YES;
				GCC_WARN_UNINITIALIZED_AUTOS = YES_AGGRESSIVE;
				GCC_WARN_UNUSED_FUNCTION = YES;
				GCC_WARN_UNUSED_VARIABLE = YES;
				IPHONEOS_DEPLOYMENT_TARGET = 13.1;
				MTL_ENABLE_DEBUG_INFO = INCLUDE_SOURCE;
				MTL_FAST_MATH = YES;
				ONLY_ACTIVE_ARCH = YES;
				SDKROOT = iphoneos;
				SWIFT_ACTIVE_COMPILATION_CONDITIONS = DEBUG;
				SWIFT_OPTIMIZATION_LEVEL = "-Onone";
			};
			name = Debug;
		};
		6D418ACA235AED6B00BCFAEA /* Release */ = {
			isa = XCBuildConfiguration;
			buildSettings = {
				ALWAYS_SEARCH_USER_PATHS = NO;
				CLANG_ANALYZER_NONNULL = YES;
				CLANG_ANALYZER_NUMBER_OBJECT_CONVERSION = YES_AGGRESSIVE;
				CLANG_CXX_LANGUAGE_STANDARD = "gnu++14";
				CLANG_CXX_LIBRARY = "libc++";
				CLANG_ENABLE_MODULES = YES;
				CLANG_ENABLE_OBJC_ARC = YES;
				CLANG_ENABLE_OBJC_WEAK = YES;
				CLANG_WARN_BLOCK_CAPTURE_AUTORELEASING = YES;
				CLANG_WARN_BOOL_CONVERSION = YES;
				CLANG_WARN_COMMA = YES;
				CLANG_WARN_CONSTANT_CONVERSION = YES;
				CLANG_WARN_DEPRECATED_OBJC_IMPLEMENTATIONS = YES;
				CLANG_WARN_DIRECT_OBJC_ISA_USAGE = YES_ERROR;
				CLANG_WARN_DOCUMENTATION_COMMENTS = YES;
				CLANG_WARN_EMPTY_BODY = YES;
				CLANG_WARN_ENUM_CONVERSION = YES;
				CLANG_WARN_INFINITE_RECURSION = YES;
				CLANG_WARN_INT_CONVERSION = YES;
				CLANG_WARN_NON_LITERAL_NULL_CONVERSION = YES;
				CLANG_WARN_OBJC_IMPLICIT_RETAIN_SELF = YES;
				CLANG_WARN_OBJC_LITERAL_CONVERSION = YES;
				CLANG_WARN_OBJC_ROOT_CLASS = YES_ERROR;
				CLANG_WARN_RANGE_LOOP_ANALYSIS = YES;
				CLANG_WARN_STRICT_PROTOTYPES = YES;
				CLANG_WARN_SUSPICIOUS_MOVE = YES;
				CLANG_WARN_UNGUARDED_AVAILABILITY = YES_AGGRESSIVE;
				CLANG_WARN_UNREACHABLE_CODE = YES;
				CLANG_WARN__DUPLICATE_METHOD_MATCH = YES;
				COPY_PHASE_STRIP = NO;
				DEBUG_INFORMATION_FORMAT = "dwarf-with-dsym";
				ENABLE_NS_ASSERTIONS = NO;
				ENABLE_STRICT_OBJC_MSGSEND = YES;
				GCC_C_LANGUAGE_STANDARD = gnu11;
				GCC_NO_COMMON_BLOCKS = YES;
				GCC_WARN_64_TO_32_BIT_CONVERSION = YES;
				GCC_WARN_ABOUT_RETURN_TYPE = YES_ERROR;
				GCC_WARN_UNDECLARED_SELECTOR = YES;
				GCC_WARN_UNINITIALIZED_AUTOS = YES_AGGRESSIVE;
				GCC_WARN_UNUSED_FUNCTION = YES;
				GCC_WARN_UNUSED_VARIABLE = YES;
				IPHONEOS_DEPLOYMENT_TARGET = 13.1;
				MTL_ENABLE_DEBUG_INFO = NO;
				MTL_FAST_MATH = YES;
				SDKROOT = iphoneos;
				SWIFT_COMPILATION_MODE = wholemodule;
				SWIFT_OPTIMIZATION_LEVEL = "-O";
				VALIDATE_PRODUCT = YES;
			};
			name = Release;
		};
		6D418ACC235AED6B00BCFAEA /* Debug */ = {
			isa = XCBuildConfiguration;
			baseConfigurationReference = E8069CC799B619D87684756A /* Pods-NewsApps.debug.xcconfig */;
			buildSettings = {
				ASSETCATALOG_COMPILER_APPICON_NAME = AppIcon;
				CODE_SIGN_STYLE = Automatic;
				DEBUG_INFORMATION_FORMAT = "dwarf-with-dsym";
				DEVELOPMENT_TEAM = Z9JUV27Y68;
				INFOPLIST_FILE = NewsApps/Info.plist;
				LD_RUNPATH_SEARCH_PATHS = (
					"$(inherited)",
					"@executable_path/Frameworks",
				);
				MARKETING_VERSION = 1.0.0;
				PRODUCT_BUNDLE_IDENTIFIER = com.Teerapco.NewsApps;
				PRODUCT_NAME = "$(TARGET_NAME)";
				SWIFT_VERSION = 5.0;
				TARGETED_DEVICE_FAMILY = "1,2";
			};
			name = Debug;
		};
		6D418ACD235AED6B00BCFAEA /* Release */ = {
			isa = XCBuildConfiguration;
			baseConfigurationReference = A7CEF9FB4A78D732B73C76E8 /* Pods-NewsApps.release.xcconfig */;
			buildSettings = {
				ASSETCATALOG_COMPILER_APPICON_NAME = AppIcon;
				CODE_SIGN_STYLE = Automatic;
				DEVELOPMENT_TEAM = Z9JUV27Y68;
				INFOPLIST_FILE = NewsApps/Info.plist;
				LD_RUNPATH_SEARCH_PATHS = (
					"$(inherited)",
					"@executable_path/Frameworks",
				);
				MARKETING_VERSION = 1.0.0;
				PRODUCT_BUNDLE_IDENTIFIER = com.Teerapco.NewsApps;
				PRODUCT_NAME = "$(TARGET_NAME)";
				SWIFT_VERSION = 5.0;
				TARGETED_DEVICE_FAMILY = "1,2";
			};
			name = Release;
		};
		6D418ACF235AED6B00BCFAEA /* Debug */ = {
			isa = XCBuildConfiguration;
			baseConfigurationReference = 72BD26BC153B59F19084D83E /* Pods-NewsAppsTests.debug.xcconfig */;
			buildSettings = {
				ALWAYS_EMBED_SWIFT_STANDARD_LIBRARIES = YES;
				BUNDLE_LOADER = "$(TEST_HOST)";
				CODE_SIGN_STYLE = Automatic;
				DEVELOPMENT_TEAM = Z9JUV27Y68;
				INFOPLIST_FILE = NewsAppsTests/Info.plist;
				IPHONEOS_DEPLOYMENT_TARGET = 13.1;
				LD_RUNPATH_SEARCH_PATHS = (
					"$(inherited)",
					"@executable_path/Frameworks",
					"@loader_path/Frameworks",
				);
				PRODUCT_BUNDLE_IDENTIFIER = com.Teerapco.NewsAppsTests;
				PRODUCT_NAME = "$(TARGET_NAME)";
				SWIFT_VERSION = 5.0;
				TARGETED_DEVICE_FAMILY = "1,2";
				TEST_HOST = "$(BUILT_PRODUCTS_DIR)/NewsApps.app/NewsApps";
			};
			name = Debug;
		};
		6D418AD0235AED6B00BCFAEA /* Release */ = {
			isa = XCBuildConfiguration;
			baseConfigurationReference = A39A13CFA11FCDE6E84A1E15 /* Pods-NewsAppsTests.release.xcconfig */;
			buildSettings = {
				ALWAYS_EMBED_SWIFT_STANDARD_LIBRARIES = YES;
				BUNDLE_LOADER = "$(TEST_HOST)";
				CODE_SIGN_STYLE = Automatic;
				DEVELOPMENT_TEAM = Z9JUV27Y68;
				INFOPLIST_FILE = NewsAppsTests/Info.plist;
				IPHONEOS_DEPLOYMENT_TARGET = 13.1;
				LD_RUNPATH_SEARCH_PATHS = (
					"$(inherited)",
					"@executable_path/Frameworks",
					"@loader_path/Frameworks",
				);
				PRODUCT_BUNDLE_IDENTIFIER = com.Teerapco.NewsAppsTests;
				PRODUCT_NAME = "$(TARGET_NAME)";
				SWIFT_VERSION = 5.0;
				TARGETED_DEVICE_FAMILY = "1,2";
				TEST_HOST = "$(BUILT_PRODUCTS_DIR)/NewsApps.app/NewsApps";
			};
			name = Release;
		};
		6D418AD2235AED6B00BCFAEA /* Debug */ = {
			isa = XCBuildConfiguration;
			baseConfigurationReference = 196ADCA811F50AD814BDFD22 /* Pods-NewsApps-NewsAppsUITests.debug.xcconfig */;
			buildSettings = {
				ALWAYS_EMBED_SWIFT_STANDARD_LIBRARIES = YES;
				CODE_SIGN_STYLE = Automatic;
				DEVELOPMENT_TEAM = Z9JUV27Y68;
				INFOPLIST_FILE = NewsAppsUITests/Info.plist;
				LD_RUNPATH_SEARCH_PATHS = (
					"$(inherited)",
					"@executable_path/Frameworks",
					"@loader_path/Frameworks",
				);
				PRODUCT_BUNDLE_IDENTIFIER = com.Teerapco.NewsAppsUITests;
				PRODUCT_NAME = "$(TARGET_NAME)";
				SWIFT_VERSION = 5.0;
				TARGETED_DEVICE_FAMILY = "1,2";
				TEST_TARGET_NAME = NewsApps;
			};
			name = Debug;
		};
		6D418AD3235AED6B00BCFAEA /* Release */ = {
			isa = XCBuildConfiguration;
			baseConfigurationReference = 083047F76DDAADD36BDE8EE6 /* Pods-NewsApps-NewsAppsUITests.release.xcconfig */;
			buildSettings = {
				ALWAYS_EMBED_SWIFT_STANDARD_LIBRARIES = YES;
				CODE_SIGN_STYLE = Automatic;
				DEVELOPMENT_TEAM = Z9JUV27Y68;
				INFOPLIST_FILE = NewsAppsUITests/Info.plist;
				LD_RUNPATH_SEARCH_PATHS = (
					"$(inherited)",
					"@executable_path/Frameworks",
					"@loader_path/Frameworks",
				);
				PRODUCT_BUNDLE_IDENTIFIER = com.Teerapco.NewsAppsUITests;
				PRODUCT_NAME = "$(TARGET_NAME)";
				SWIFT_VERSION = 5.0;
				TARGETED_DEVICE_FAMILY = "1,2";
				TEST_TARGET_NAME = NewsApps;
			};
			name = Release;
		};
/* End XCBuildConfiguration section */

/* Begin XCConfigurationList section */
		6D418A9C235AED6900BCFAEA /* Build configuration list for PBXProject "NewsApps" */ = {
			isa = XCConfigurationList;
			buildConfigurations = (
				6D418AC9235AED6B00BCFAEA /* Debug */,
				6D418ACA235AED6B00BCFAEA /* Release */,
			);
			defaultConfigurationIsVisible = 0;
			defaultConfigurationName = Release;
		};
		6D418ACB235AED6B00BCFAEA /* Build configuration list for PBXNativeTarget "NewsApps" */ = {
			isa = XCConfigurationList;
			buildConfigurations = (
				6D418ACC235AED6B00BCFAEA /* Debug */,
				6D418ACD235AED6B00BCFAEA /* Release */,
			);
			defaultConfigurationIsVisible = 0;
			defaultConfigurationName = Release;
		};
		6D418ACE235AED6B00BCFAEA /* Build configuration list for PBXNativeTarget "NewsAppsTests" */ = {
			isa = XCConfigurationList;
			buildConfigurations = (
				6D418ACF235AED6B00BCFAEA /* Debug */,
				6D418AD0235AED6B00BCFAEA /* Release */,
			);
			defaultConfigurationIsVisible = 0;
			defaultConfigurationName = Release;
		};
		6D418AD1235AED6B00BCFAEA /* Build configuration list for PBXNativeTarget "NewsAppsUITests" */ = {
			isa = XCConfigurationList;
			buildConfigurations = (
				6D418AD2235AED6B00BCFAEA /* Debug */,
				6D418AD3235AED6B00BCFAEA /* Release */,
			);
			defaultConfigurationIsVisible = 0;
			defaultConfigurationName = Release;
		};
/* End XCConfigurationList section */
	};
	rootObject = 6D418A99235AED6900BCFAEA /* Project object */;
}
